// !$*UTF8*$!
{
	archiveVersion = 1;
	classes = {
	};
	objectVersion = 46;
	objects = {

/* Begin PBXBuildFile section */
		2928CB311DCF50C9004184F6 /* FMDatabase.m in Sources */ = {isa = PBXBuildFile; fileRef = 2928CB271DCF50C9004184F6 /* FMDatabase.m */; };
		2928CB321DCF50C9004184F6 /* FMDatabaseAdditions.m in Sources */ = {isa = PBXBuildFile; fileRef = 2928CB291DCF50C9004184F6 /* FMDatabaseAdditions.m */; };
		2928CB331DCF50C9004184F6 /* FMDatabasePool.m in Sources */ = {isa = PBXBuildFile; fileRef = 2928CB2B1DCF50C9004184F6 /* FMDatabasePool.m */; };
		2928CB341DCF50C9004184F6 /* FMDatabaseQueue.m in Sources */ = {isa = PBXBuildFile; fileRef = 2928CB2D1DCF50C9004184F6 /* FMDatabaseQueue.m */; };
		2928CB351DCF50C9004184F6 /* FMResultSet.m in Sources */ = {isa = PBXBuildFile; fileRef = 2928CB301DCF50C9004184F6 /* FMResultSet.m */; };
		2928CB371DCF5123004184F6 /* libsqlite3.0.tbd in Frameworks */ = {isa = PBXBuildFile; fileRef = 2928CB361DCF5123004184F6 /* libsqlite3.0.tbd */; };
		29DE0DD81DD36D3700B55B3E /* AsyncSocket.m in Sources */ = {isa = PBXBuildFile; fileRef = 29DE0DD51DD36D3700B55B3E /* AsyncSocket.m */; settings = {COMPILER_FLAGS = "-fno-objc-arc"; }; };
		29DE0DD91DD36D3700B55B3E /* AsyncUdpSocket.m in Sources */ = {isa = PBXBuildFile; fileRef = 29DE0DD71DD36D3700B55B3E /* AsyncUdpSocket.m */; settings = {COMPILER_FLAGS = "-fno-objc-arc"; }; };
		29F588F11DCD95F7002A742F /* main.m in Sources */ = {isa = PBXBuildFile; fileRef = 29F588F01DCD95F7002A742F /* main.m */; };
		29F588F41DCD95F7002A742F /* AppDelegate.m in Sources */ = {isa = PBXBuildFile; fileRef = 29F588F31DCD95F7002A742F /* AppDelegate.m */; };
		29F588F71DCD95F7002A742F /* ViewController.m in Sources */ = {isa = PBXBuildFile; fileRef = 29F588F61DCD95F7002A742F /* ViewController.m */; };
		29F588FA1DCD95F7002A742F /* Main.storyboard in Resources */ = {isa = PBXBuildFile; fileRef = 29F588F81DCD95F7002A742F /* Main.storyboard */; };
		29F588FC1DCD95F7002A742F /* Assets.xcassets in Resources */ = {isa = PBXBuildFile; fileRef = 29F588FB1DCD95F7002A742F /* Assets.xcassets */; };
		29F588FF1DCD95F7002A742F /* LaunchScreen.storyboard in Resources */ = {isa = PBXBuildFile; fileRef = 29F588FD1DCD95F7002A742F /* LaunchScreen.storyboard */; };
		29F589131DCD965B002A742F /* DyInjectService.framework in Frameworks */ = {isa = PBXBuildFile; fileRef = 29F589121DCD965B002A742F /* DyInjectService.framework */; };
		29F589141DCD965B002A742F /* DyInjectService.framework in Embed Frameworks */ = {isa = PBXBuildFile; fileRef = 29F589121DCD965B002A742F /* DyInjectService.framework */; settings = {ATTRIBUTES = (CodeSignOnCopy, RemoveHeadersOnCopy, ); }; };
/* End PBXBuildFile section */

/* Begin PBXCopyFilesBuildPhase section */
		29F589151DCD965C002A742F /* Embed Frameworks */ = {
			isa = PBXCopyFilesBuildPhase;
			buildActionMask = 2147483647;
			dstPath = "";
			dstSubfolderSpec = 10;
			files = (
				29F589141DCD965B002A742F /* DyInjectService.framework in Embed Frameworks */,
			);
			name = "Embed Frameworks";
			runOnlyForDeploymentPostprocessing = 0;
		};
/* End PBXCopyFilesBuildPhase section */

/* Begin PBXFileReference section */
		290ED29A1DDDED74006FCF6B /* DyActionSheet.h */ = {isa = PBXFileReference; fileEncoding = 4; lastKnownFileType = sourcecode.c.h; name = DyActionSheet.h; path = ../../DyInjectService/DyInjectService/Utilities/DyActionSheet.h; sourceTree = "<group>"; };
		2928CB261DCF50C9004184F6 /* FMDatabase.h */ = {isa = PBXFileReference; fileEncoding = 4; lastKnownFileType = sourcecode.c.h; path = FMDatabase.h; sourceTree = "<group>"; };
		2928CB271DCF50C9004184F6 /* FMDatabase.m */ = {isa = PBXFileReference; fileEncoding = 4; lastKnownFileType = sourcecode.c.objc; path = FMDatabase.m; sourceTree = "<group>"; };
		2928CB281DCF50C9004184F6 /* FMDatabaseAdditions.h */ = {isa = PBXFileReference; fileEncoding = 4; lastKnownFileType = sourcecode.c.h; path = FMDatabaseAdditions.h; sourceTree = "<group>"; };
		2928CB291DCF50C9004184F6 /* FMDatabaseAdditions.m */ = {isa = PBXFileReference; fileEncoding = 4; lastKnownFileType = sourcecode.c.objc; path = FMDatabaseAdditions.m; sourceTree = "<group>"; };
		2928CB2A1DCF50C9004184F6 /* FMDatabasePool.h */ = {isa = PBXFileReference; fileEncoding = 4; lastKnownFileType = sourcecode.c.h; path = FMDatabasePool.h; sourceTree = "<group>"; };
		2928CB2B1DCF50C9004184F6 /* FMDatabasePool.m */ = {isa = PBXFileReference; fileEncoding = 4; lastKnownFileType = sourcecode.c.objc; path = FMDatabasePool.m; sourceTree = "<group>"; };
		2928CB2C1DCF50C9004184F6 /* FMDatabaseQueue.h */ = {isa = PBXFileReference; fileEncoding = 4; lastKnownFileType = sourcecode.c.h; path = FMDatabaseQueue.h; sourceTree = "<group>"; };
		2928CB2D1DCF50C9004184F6 /* FMDatabaseQueue.m */ = {isa = PBXFileReference; fileEncoding = 4; lastKnownFileType = sourcecode.c.objc; path = FMDatabaseQueue.m; sourceTree = "<group>"; };
		2928CB2E1DCF50C9004184F6 /* FMDB.h */ = {isa = PBXFileReference; fileEncoding = 4; lastKnownFileType = sourcecode.c.h; path = FMDB.h; sourceTree = "<group>"; };
		2928CB2F1DCF50C9004184F6 /* FMResultSet.h */ = {isa = PBXFileReference; fileEncoding = 4; lastKnownFileType = sourcecode.c.h; path = FMResultSet.h; sourceTree = "<group>"; };
		2928CB301DCF50C9004184F6 /* FMResultSet.m */ = {isa = PBXFileReference; fileEncoding = 4; lastKnownFileType = sourcecode.c.objc; path = FMResultSet.m; sourceTree = "<group>"; };
		2928CB361DCF5123004184F6 /* libsqlite3.0.tbd */ = {isa = PBXFileReference; lastKnownFileType = "sourcecode.text-based-dylib-definition"; name = libsqlite3.0.tbd; path = usr/lib/libsqlite3.0.tbd; sourceTree = SDKROOT; };
		29DE0DD41DD36D3700B55B3E /* AsyncSocket.h */ = {isa = PBXFileReference; fileEncoding = 4; lastKnownFileType = sourcecode.c.h; path = AsyncSocket.h; sourceTree = "<group>"; };
		29DE0DD51DD36D3700B55B3E /* AsyncSocket.m */ = {isa = PBXFileReference; fileEncoding = 4; lastKnownFileType = sourcecode.c.objc; path = AsyncSocket.m; sourceTree = "<group>"; };
		29DE0DD61DD36D3700B55B3E /* AsyncUdpSocket.h */ = {isa = PBXFileReference; fileEncoding = 4; lastKnownFileType = sourcecode.c.h; path = AsyncUdpSocket.h; sourceTree = "<group>"; };
		29DE0DD71DD36D3700B55B3E /* AsyncUdpSocket.m */ = {isa = PBXFileReference; fileEncoding = 4; lastKnownFileType = sourcecode.c.objc; path = AsyncUdpSocket.m; sourceTree = "<group>"; };
		29F588EC1DCD95F7002A742F /* DyInjectDemo.app */ = {isa = PBXFileReference; explicitFileType = wrapper.application; includeInIndex = 0; path = DyInjectDemo.app; sourceTree = BUILT_PRODUCTS_DIR; };
		29F588F01DCD95F7002A742F /* main.m */ = {isa = PBXFileReference; lastKnownFileType = sourcecode.c.objc; path = main.m; sourceTree = "<group>"; };
		29F588F21DCD95F7002A742F /* AppDelegate.h */ = {isa = PBXFileReference; lastKnownFileType = sourcecode.c.h; path = AppDelegate.h; sourceTree = "<group>"; };
		29F588F31DCD95F7002A742F /* AppDelegate.m */ = {isa = PBXFileReference; lastKnownFileType = sourcecode.c.objc; path = AppDelegate.m; sourceTree = "<group>"; };
		29F588F51DCD95F7002A742F /* ViewController.h */ = {isa = PBXFileReference; lastKnownFileType = sourcecode.c.h; path = ViewController.h; sourceTree = "<group>"; };
		29F588F61DCD95F7002A742F /* ViewController.m */ = {isa = PBXFileReference; lastKnownFileType = sourcecode.c.objc; path = ViewController.m; sourceTree = "<group>"; };
		29F588F91DCD95F7002A742F /* Base */ = {isa = PBXFileReference; lastKnownFileType = file.storyboard; name = Base; path = Base.lproj/Main.storyboard; sourceTree = "<group>"; };
		29F588FB1DCD95F7002A742F /* Assets.xcassets */ = {isa = PBXFileReference; lastKnownFileType = folder.assetcatalog; path = Assets.xcassets; sourceTree = "<group>"; };
		29F588FE1DCD95F7002A742F /* Base */ = {isa = PBXFileReference; lastKnownFileType = file.storyboard; name = Base; path = Base.lproj/LaunchScreen.storyboard; sourceTree = "<group>"; };
		29F589001DCD95F7002A742F /* Info.plist */ = {isa = PBXFileReference; lastKnownFileType = text.plist.xml; path = Info.plist; sourceTree = "<group>"; };
		29F589121DCD965B002A742F /* DyInjectService.framework */ = {isa = PBXFileReference; explicitFileType = wrapper.framework; path = DyInjectService.framework; sourceTree = BUILT_PRODUCTS_DIR; };
/* End PBXFileReference section */

/* Begin PBXFrameworksBuildPhase section */
		29F588E91DCD95F7002A742F /* Frameworks */ = {
			isa = PBXFrameworksBuildPhase;
			buildActionMask = 2147483647;
			files = (
				2928CB371DCF5123004184F6 /* libsqlite3.0.tbd in Frameworks */,
				29F589131DCD965B002A742F /* DyInjectService.framework in Frameworks */,
			);
			runOnlyForDeploymentPostprocessing = 0;
		};
/* End PBXFrameworksBuildPhase section */

/* Begin PBXGroup section */
		2928CB251DCF50BA004184F6 /* New Group */ = {
			isa = PBXGroup;
			children = (
				2928CB261DCF50C9004184F6 /* FMDatabase.h */,
				2928CB271DCF50C9004184F6 /* FMDatabase.m */,
				2928CB281DCF50C9004184F6 /* FMDatabaseAdditions.h */,
				2928CB291DCF50C9004184F6 /* FMDatabaseAdditions.m */,
				2928CB2A1DCF50C9004184F6 /* FMDatabasePool.h */,
				2928CB2B1DCF50C9004184F6 /* FMDatabasePool.m */,
				2928CB2C1DCF50C9004184F6 /* FMDatabaseQueue.h */,
				2928CB2D1DCF50C9004184F6 /* FMDatabaseQueue.m */,
				2928CB2E1DCF50C9004184F6 /* FMDB.h */,
				2928CB2F1DCF50C9004184F6 /* FMResultSet.h */,
				2928CB301DCF50C9004184F6 /* FMResultSet.m */,
			);
			name = "New Group";
			sourceTree = "<group>";
		};
		296140AD1DCDD1ED00901D1A /* Frameworks */ = {
			isa = PBXGroup;
			children = (
				2928CB361DCF5123004184F6 /* libsqlite3.0.tbd */,
			);
			name = Frameworks;
			sourceTree = "<group>";
		};
		29F588E31DCD95F7002A742F = {
			isa = PBXGroup;
			children = (
				29F589121DCD965B002A742F /* DyInjectService.framework */,
				29F588EE1DCD95F7002A742F /* DyInjectDemo */,
				29F588ED1DCD95F7002A742F /* Products */,
				296140AD1DCDD1ED00901D1A /* Frameworks */,
			);
			sourceTree = "<group>";
		};
		29F588ED1DCD95F7002A742F /* Products */ = {
			isa = PBXGroup;
			children = (
				29F588EC1DCD95F7002A742F /* DyInjectDemo.app */,
			);
			name = Products;
			sourceTree = "<group>";
		};
		29F588EE1DCD95F7002A742F /* DyInjectDemo */ = {
			isa = PBXGroup;
			children = (
				29F588F21DCD95F7002A742F /* AppDelegate.h */,
				29F588F31DCD95F7002A742F /* AppDelegate.m */,
				29DE0DD41DD36D3700B55B3E /* AsyncSocket.h */,
				29DE0DD51DD36D3700B55B3E /* AsyncSocket.m */,
				29DE0DD61DD36D3700B55B3E /* AsyncUdpSocket.h */,
				29DE0DD71DD36D3700B55B3E /* AsyncUdpSocket.m */,
				29F588F51DCD95F7002A742F /* ViewController.h */,
				29F588F61DCD95F7002A742F /* ViewController.m */,
				2928CB251DCF50BA004184F6 /* New Group */,
				29F588F81DCD95F7002A742F /* Main.storyboard */,
				29F588FB1DCD95F7002A742F /* Assets.xcassets */,
				29F588FD1DCD95F7002A742F /* LaunchScreen.storyboard */,
				290ED29A1DDDED74006FCF6B /* DyActionSheet.h */,
				29F589001DCD95F7002A742F /* Info.plist */,
				29F588EF1DCD95F7002A742F /* Supporting Files */,
			);
			path = DyInjectDemo;
			sourceTree = "<group>";
		};
		29F588EF1DCD95F7002A742F /* Supporting Files */ = {
			isa = PBXGroup;
			children = (
				29F588F01DCD95F7002A742F /* main.m */,
			);
			name = "Supporting Files";
			sourceTree = "<group>";
		};
/* End PBXGroup section */

/* Begin PBXNativeTarget section */
		29F588EB1DCD95F7002A742F /* DyInjectDemo */ = {
			isa = PBXNativeTarget;
			buildConfigurationList = 29F589031DCD95F7002A742F /* Build configuration list for PBXNativeTarget "DyInjectDemo" */;
			buildPhases = (
				29F588E81DCD95F7002A742F /* Sources */,
				29F588E91DCD95F7002A742F /* Frameworks */,
				29F588EA1DCD95F7002A742F /* Resources */,
				29F589151DCD965C002A742F /* Embed Frameworks */,
			);
			buildRules = (
			);
			dependencies = (
			);
			name = DyInjectDemo;
			productName = DyInjectDemo;
			productReference = 29F588EC1DCD95F7002A742F /* DyInjectDemo.app */;
			productType = "com.apple.product-type.application";
		};
/* End PBXNativeTarget section */

/* Begin PBXProject section */
		29F588E41DCD95F7002A742F /* Project object */ = {
			isa = PBXProject;
			attributes = {
				LastUpgradeCheck = 0810;
				ORGANIZATIONNAME = Shawn;
				TargetAttributes = {
					29F588EB1DCD95F7002A742F = {
						CreatedOnToolsVersion = 8.1;
						DevelopmentTeam = ZQ99NMT677;
						ProvisioningStyle = Automatic;
					};
				};
			};
			buildConfigurationList = 29F588E71DCD95F7002A742F /* Build configuration list for PBXProject "DyInjectDemo" */;
			compatibilityVersion = "Xcode 3.2";
			developmentRegion = English;
			hasScannedForEncodings = 0;
			knownRegions = (
				en,
				Base,
			);
			mainGroup = 29F588E31DCD95F7002A742F;
			productRefGroup = 29F588ED1DCD95F7002A742F /* Products */;
			projectDirPath = "";
			projectRoot = "";
			targets = (
				29F588EB1DCD95F7002A742F /* DyInjectDemo */,
			);
		};
/* End PBXProject section */

/* Begin PBXResourcesBuildPhase section */
		29F588EA1DCD95F7002A742F /* Resources */ = {
			isa = PBXResourcesBuildPhase;
			buildActionMask = 2147483647;
			files = (
				29F588FF1DCD95F7002A742F /* LaunchScreen.storyboard in Resources */,
				29F588FC1DCD95F7002A742F /* Assets.xcassets in Resources */,
				29F588FA1DCD95F7002A742F /* Main.storyboard in Resources */,
			);
			runOnlyForDeploymentPostprocessing = 0;
		};
/* End PBXResourcesBuildPhase section */

/* Begin PBXSourcesBuildPhase section */
		29F588E81DCD95F7002A742F /* Sources */ = {
			isa = PBXSourcesBuildPhase;
			buildActionMask = 2147483647;
			files = (
				29F588F71DCD95F7002A742F /* ViewController.m in Sources */,
				29DE0DD91DD36D3700B55B3E /* AsyncUdpSocket.m in Sources */,
				2928CB331DCF50C9004184F6 /* FMDatabasePool.m in Sources */,
				29F588F41DCD95F7002A742F /* AppDelegate.m in Sources */,
				29DE0DD81DD36D3700B55B3E /* AsyncSocket.m in Sources */,
				2928CB341DCF50C9004184F6 /* FMDatabaseQueue.m in Sources */,
				29F588F11DCD95F7002A742F /* main.m in Sources */,
				2928CB311DCF50C9004184F6 /* FMDatabase.m in Sources */,
				2928CB351DCF50C9004184F6 /* FMResultSet.m in Sources */,
				2928CB321DCF50C9004184F6 /* FMDatabaseAdditions.m in Sources */,
			);
			runOnlyForDeploymentPostprocessing = 0;
		};
/* End PBXSourcesBuildPhase section */

/* Begin PBXVariantGroup section */
		29F588F81DCD95F7002A742F /* Main.storyboard */ = {
			isa = PBXVariantGroup;
			children = (
				29F588F91DCD95F7002A742F /* Base */,
			);
			name = Main.storyboard;
			sourceTree = "<group>";
		};
		29F588FD1DCD95F7002A742F /* LaunchScreen.storyboard */ = {
			isa = PBXVariantGroup;
			children = (
				29F588FE1DCD95F7002A742F /* Base */,
			);
			name = LaunchScreen.storyboard;
			sourceTree = "<group>";
		};
/* End PBXVariantGroup section */

/* Begin XCBuildConfiguration section */
		29F589011DCD95F7002A742F /* Debug */ = {
			isa = XCBuildConfiguration;
			buildSettings = {
				ALWAYS_SEARCH_USER_PATHS = NO;
				CLANG_ANALYZER_NONNULL = YES;
				CLANG_CXX_LANGUAGE_STANDARD = "gnu++0x";
				CLANG_CXX_LIBRARY = "libc++";
				CLANG_ENABLE_MODULES = YES;
				CLANG_ENABLE_OBJC_ARC = YES;
				CLANG_WARN_BOOL_CONVERSION = YES;
				CLANG_WARN_CONSTANT_CONVERSION = YES;
				CLANG_WARN_DIRECT_OBJC_ISA_USAGE = YES_ERROR;
				CLANG_WARN_DOCUMENTATION_COMMENTS = YES;
				CLANG_WARN_EMPTY_BODY = YES;
				CLANG_WARN_ENUM_CONVERSION = YES;
				CLANG_WARN_INFINITE_RECURSION = YES;
				CLANG_WARN_INT_CONVERSION = YES;
				CLANG_WARN_OBJC_ROOT_CLASS = YES_ERROR;
				CLANG_WARN_SUSPICIOUS_MOVES = YES;
				CLANG_WARN_UNREACHABLE_CODE = YES;
				CLANG_WARN__DUPLICATE_METHOD_MATCH = YES;
				"CODE_SIGN_IDENTITY[sdk=iphoneos*]" = "iPhone Developer";
				COPY_PHASE_STRIP = NO;
				DEBUG_INFORMATION_FORMAT = dwarf;
				ENABLE_STRICT_OBJC_MSGSEND = YES;
				ENABLE_TESTABILITY = YES;
				GCC_C_LANGUAGE_STANDARD = gnu99;
				GCC_DYNAMIC_NO_PIC = NO;
				GCC_NO_COMMON_BLOCKS = YES;
				GCC_OPTIMIZATION_LEVEL = 0;
				GCC_PREPROCESSOR_DEFINITIONS = (
					"DEBUG=1",
					"$(inherited)",
				);
				GCC_WARN_64_TO_32_BIT_CONVERSION = YES;
				GCC_WARN_ABOUT_RETURN_TYPE = YES_ERROR;
				GCC_WARN_UNDECLARED_SELECTOR = YES;
				GCC_WARN_UNINITIALIZED_AUTOS = YES_AGGRESSIVE;
				GCC_WARN_UNUSED_FUNCTION = YES;
				GCC_WARN_UNUSED_VARIABLE = YES;
				IPHONEOS_DEPLOYMENT_TARGET = 10.1;
				MTL_ENABLE_DEBUG_INFO = YES;
				ONLY_ACTIVE_ARCH = YES;
				SDKROOT = iphoneos;
			};
			name = Debug;
		};
		29F589021DCD95F7002A742F /* Release */ = {
			isa = XCBuildConfiguration;
			buildSettings = {
				ALWAYS_SEARCH_USER_PATHS = NO;
				CLANG_ANALYZER_NONNULL = YES;
				CLANG_CXX_LANGUAGE_STANDARD = "gnu++0x";
				CLANG_CXX_LIBRARY = "libc++";
				CLANG_ENABLE_MODULES = YES;
				CLANG_ENABLE_OBJC_ARC = YES;
				CLANG_WARN_BOOL_CONVERSION = YES;
				CLANG_WARN_CONSTANT_CONVERSION = YES;
				CLANG_WARN_DIRECT_OBJC_ISA_USAGE = YES_ERROR;
				CLANG_WARN_DOCUMENTATION_COMMENTS = YES;
				CLANG_WARN_EMPTY_BODY = YES;
				CLANG_WARN_ENUM_CONVERSION = YES;
				CLANG_WARN_INFINITE_RECURSION = YES;
				CLANG_WARN_INT_CONVERSION = YES;
				CLANG_WARN_OBJC_ROOT_CLASS = YES_ERROR;
				CLANG_WARN_SUSPICIOUS_MOVES = YES;
				CLANG_WARN_UNREACHABLE_CODE = YES;
				CLANG_WARN__DUPLICATE_METHOD_MATCH = YES;
				"CODE_SIGN_IDENTITY[sdk=iphoneos*]" = "iPhone Developer";
				COPY_PHASE_STRIP = NO;
				DEBUG_INFORMATION_FORMAT = "dwarf-with-dsym";
				ENABLE_NS_ASSERTIONS = NO;
				ENABLE_STRICT_OBJC_MSGSEND = YES;
				GCC_C_LANGUAGE_STANDARD = gnu99;
				GCC_NO_COMMON_BLOCKS = YES;
				GCC_WARN_64_TO_32_BIT_CONVERSION = YES;
				GCC_WARN_ABOUT_RETURN_TYPE = YES_ERROR;
				GCC_WARN_UNDECLARED_SELECTOR = YES;
				GCC_WARN_UNINITIALIZED_AUTOS = YES_AGGRESSIVE;
				GCC_WARN_UNUSED_FUNCTION = YES;
				GCC_WARN_UNUSED_VARIABLE = YES;
				IPHONEOS_DEPLOYMENT_TARGET = 10.1;
				MTL_ENABLE_DEBUG_INFO = NO;
				SDKROOT = iphoneos;
				VALIDATE_PRODUCT = YES;
			};
			name = Release;
		};
		29F589041DCD95F7002A742F /* Debug */ = {
			isa = XCBuildConfiguration;
			buildSettings = {
				ASSETCATALOG_COMPILER_APPICON_NAME = AppIcon;
				DEVELOPMENT_TEAM = ZQ99NMT677;
				INFOPLIST_FILE = DyInjectDemo/Info.plist;
				IPHONEOS_DEPLOYMENT_TARGET = 7.0;
				LD_RUNPATH_SEARCH_PATHS = "$(inherited) @executable_path/Frameworks";
				PRODUCT_BUNDLE_IDENTIFIER = com.shawn.dyinject.DyInjectDemo;
				PRODUCT_NAME = "$(TARGET_NAME)";
			};
			name = Debug;
		};
		29F589051DCD95F7002A742F /* Release */ = {
			isa = XCBuildConfiguration;
			buildSettings = {
				ASSETCATALOG_COMPILER_APPICON_NAME = AppIcon;
				DEVELOPMENT_TEAM = ZQ99NMT677;
				INFOPLIST_FILE = DyInjectDemo/Info.plist;
				IPHONEOS_DEPLOYMENT_TARGET = 7.0;
				LD_RUNPATH_SEARCH_PATHS = "$(inherited) @executable_path/Frameworks";
				PRODUCT_BUNDLE_IDENTIFIER = com.shawn.dyinject.DyInjectDemo;
				PRODUCT_NAME = "$(TARGET_NAME)";
			};
			name = Release;
		};
/* End XCBuildConfiguration section */

/* Begin XCConfigurationList section */
		29F588E71DCD95F7002A742F /* Build configuration list for PBXProject "DyInjectDemo" */ = {
			isa = XCConfigurationList;
			buildConfigurations = (
				29F589011DCD95F7002A742F /* Debug */,
				29F589021DCD95F7002A742F /* Release */,
			);
			defaultConfigurationIsVisible = 0;
			defaultConfigurationName = Release;
		};
		29F589031DCD95F7002A742F /* Build configuration list for PBXNativeTarget "DyInjectDemo" */ = {
			isa = XCConfigurationList;
			buildConfigurations = (
				29F589041DCD95F7002A742F /* Debug */,
				29F589051DCD95F7002A742F /* Release */,
			);
			defaultConfigurationIsVisible = 0;
			defaultConfigurationName = Release;
		};
/* End XCConfigurationList section */
	};
	rootObject = 29F588E41DCD95F7002A742F /* Project object */;
}
